Microsoft Visual Studio Solution File, Format Version 12.00
# Visual Studio 15
Project("{8BC9CEB8-8B4A-11D0-8D11-00A0C91BC942}") = "ALL_BUILD", "ALL_BUILD.vcxproj", "{AE69AF6B-8CEB-3AC3-8E2C-585022974A38}"
	ProjectSection(ProjectDependencies) = postProject
		{00781BE1-ECDB-3ECF-BD26-A13E50F79472} = {00781BE1-ECDB-3ECF-BD26-A13E50F79472}
		{5B101B7F-18E4-3B8A-8818-B34A115AE2D0} = {5B101B7F-18E4-3B8A-8818-B34A115AE2D0}
		{834904E7-31CD-339E-95ED-5686CC160D97} = {834904E7-31CD-339E-95ED-5686CC160D97}
		{E7A376EB-4887-3B9F-A5AA-00F22AC37BA9} = {E7A376EB-4887-3B9F-A5AA-00F22AC37BA9}
		{917E6B05-1330-38BC-A360-0C91A52D78F6} = {917E6B05-1330-38BC-A360-0C91A52D78F6}
		{2B5452CE-6E49-3216-95EE-F78850987384} = {2B5452CE-6E49-3216-95EE-F78850987384}
		{74BC77C7-0DF7-3730-A35C-D19787229AE9} = {74BC77C7-0DF7-3730-A35C-D19787229AE9}
		{23FAD95F-9E4A-3FC6-8260-B0B6ECDA4FAB} = {23FAD95F-9E4A-3FC6-8260-B0B6ECDA4FAB}
		{E58BE84F-2D7A-3105-A12F-0CBEC29CBC75} = {E58BE84F-2D7A-3105-A12F-0CBEC29CBC75}
		{9A80F3F0-8FE1-32B0-B173-F69BD45C2DF5} = {9A80F3F0-8FE1-32B0-B173-F69BD45C2DF5}
		{5B9137E9-1E37-31B8-85D5-F911DE9C616E} = {5B9137E9-1E37-31B8-85D5-F911DE9C616E}
		{CEEB8D66-EA5C-33D3-A2CE-57F6BCABB719} = {CEEB8D66-EA5C-33D3-A2CE-57F6BCABB719}
		{FD23B0AA-EF30-3731-B4C1-A9F4005267DC} = {FD23B0AA-EF30-3731-B4C1-A9F4005267DC}
		{ED606AF6-033A-30B2-9673-B3527D6DD57B} = {ED606AF6-033A-30B2-9673-B3527D6DD57B}
		{110FC8BE-1F0E-3FE1-BDF1-848E4B2BD726} = {110FC8BE-1F0E-3FE1-BDF1-848E4B2BD726}
		{93781AF7-10F2-3DC4-8BA3-3B36BC3FE77A} = {93781AF7-10F2-3DC4-8BA3-3B36BC3FE77A}
		{4358FFD2-5CB1-3CA2-BBCE-499D5909D30D} = {4358FFD2-5CB1-3CA2-BBCE-499D5909D30D}
		{B0DA0381-DA13-3DF3-AD10-9487B29EDAD6} = {B0DA0381-DA13-3DF3-AD10-9487B29EDAD6}
		{3F45E7B1-0419-3DA5-82C7-530932AAB340} = {3F45E7B1-0419-3DA5-82C7-530932AAB340}
		{F9EAB7E8-CB68-367D-B205-2C242A815B20} = {F9EAB7E8-CB68-367D-B205-2C242A815B20}
		{B518855C-DBC1-3EF8-A624-B673BFFF6A67} = {B518855C-DBC1-3EF8-A624-B673BFFF6A67}
		{E1F36BB5-057B-358A-9E2D-F7C922F427D5} = {E1F36BB5-057B-358A-9E2D-F7C922F427D5}
		{83077530-3DA2-3393-8BAF-039165D00911} = {83077530-3DA2-3393-8BAF-039165D00911}
		{BE5B8259-1CF2-388E-8B58-90B8155540B1} = {BE5B8259-1CF2-388E-8B58-90B8155540B1}
		{813F99A0-803F-3A7F-8F34-D97214A87A6F} = {813F99A0-803F-3A7F-8F34-D97214A87A6F}
		{20D594B5-60BB-3A13-9BB7-D846F95C1DD5} = {20D594B5-60BB-3A13-9BB7-D846F95C1DD5}
		{0FB8F2A2-1CA3-3DC0-BF00-F9E69D6C87A5} = {0FB8F2A2-1CA3-3DC0-BF00-F9E69D6C87A5}
		{D58DA0F3-CEF0-3288-89AB-D45BDCBF5E52} = {D58DA0F3-CEF0-3288-89AB-D45BDCBF5E52}
		{323F04F5-65F8-3899-9810-98E6416146DF} = {323F04F5-65F8-3899-9810-98E6416146DF}
		{91C83935-8A5A-3DF6-963B-388521D32F24} = {91C83935-8A5A-3DF6-963B-388521D32F24}
		{E31B6687-9A30-3C1B-A12E-10D5EAF3C256} = {E31B6687-9A30-3C1B-A12E-10D5EAF3C256}
		{D0D9943A-33C3-3491-88A1-4CA2EF767FD3} = {D0D9943A-33C3-3491-88A1-4CA2EF767FD3}
		{FE324EF2-B739-33BE-9D4A-4690F40BAB62} = {FE324EF2-B739-33BE-9D4A-4690F40BAB62}
		{568BBAB0-6299-3CFF-9B1D-9E130ADB0303} = {568BBAB0-6299-3CFF-9B1D-9E130ADB0303}
		{3962EC68-D49D-31E8-BD42-0882ECA02D76} = {3962EC68-D49D-31E8-BD42-0882ECA02D76}
		{9C8B4B13-BAEF-3874-80C1-C54160AB7D19} = {9C8B4B13-BAEF-3874-80C1-C54160AB7D19}
		{AE2D2E88-1B6C-3DCB-9622-56754D9F84A8} = {AE2D2E88-1B6C-3DCB-9622-56754D9F84A8}
	EndProjectSection
EndProject
Project("{8BC9CEB8-8B4A-11D0-8D11-00A0C91BC942}") = "AppBasicExampleGui", "examples\BasicDemo\AppBasicExampleGui.vcxproj", "{00781BE1-ECDB-3ECF-BD26-A13E50F79472}"
	ProjectSection(ProjectDependencies) = postProject
		{9A80F3F0-8FE1-32B0-B173-F69BD45C2DF5} = {9A80F3F0-8FE1-32B0-B173-F69BD45C2DF5}
		{ED606AF6-033A-30B2-9673-B3527D6DD57B} = {ED606AF6-033A-30B2-9673-B3527D6DD57B}
		{110FC8BE-1F0E-3FE1-BDF1-848E4B2BD726} = {110FC8BE-1F0E-3FE1-BDF1-848E4B2BD726}
		{0FB8F2A2-1CA3-3DC0-BF00-F9E69D6C87A5} = {0FB8F2A2-1CA3-3DC0-BF00-F9E69D6C87A5}
		{D58DA0F3-CEF0-3288-89AB-D45BDCBF5E52} = {D58DA0F3-CEF0-3288-89AB-D45BDCBF5E52}
		{3962EC68-D49D-31E8-BD42-0882ECA02D76} = {3962EC68-D49D-31E8-BD42-0882ECA02D76}
	EndProjectSection
EndProject
Project("{8BC9CEB8-8B4A-11D0-8D11-00A0C91BC942}") = "App_BasicExample", "examples\BasicDemo\App_BasicExample.vcxproj", "{5B101B7F-18E4-3B8A-8818-B34A115AE2D0}"
	ProjectSection(ProjectDependencies) = postProject
		{ED606AF6-033A-30B2-9673-B3527D6DD57B} = {ED606AF6-033A-30B2-9673-B3527D6DD57B}
		{110FC8BE-1F0E-3FE1-BDF1-848E4B2BD726} = {110FC8BE-1F0E-3FE1-BDF1-848E4B2BD726}
		{0FB8F2A2-1CA3-3DC0-BF00-F9E69D6C87A5} = {0FB8F2A2-1CA3-3DC0-BF00-F9E69D6C87A5}
		{3962EC68-D49D-31E8-BD42-0882ECA02D76} = {3962EC68-D49D-31E8-BD42-0882ECA02D76}
	EndProjectSection
EndProject
Project("{8BC9CEB8-8B4A-11D0-8D11-00A0C91BC942}") = "App_ExampleBrowser", "examples\ExampleBrowser\App_ExampleBrowser.vcxproj", "{834904E7-31CD-339E-95ED-5686CC160D97}"
	ProjectSection(ProjectDependencies) = postProject
		{9A80F3F0-8FE1-32B0-B173-F69BD45C2DF5} = {9A80F3F0-8FE1-32B0-B173-F69BD45C2DF5}
		{ED606AF6-033A-30B2-9673-B3527D6DD57B} = {ED606AF6-033A-30B2-9673-B3527D6DD57B}
		{110FC8BE-1F0E-3FE1-BDF1-848E4B2BD726} = {110FC8BE-1F0E-3FE1-BDF1-848E4B2BD726}
		{93781AF7-10F2-3DC4-8BA3-3B36BC3FE77A} = {93781AF7-10F2-3DC4-8BA3-3B36BC3FE77A}
		{B0DA0381-DA13-3DF3-AD10-9487B29EDAD6} = {B0DA0381-DA13-3DF3-AD10-9487B29EDAD6}
		{3F45E7B1-0419-3DA5-82C7-530932AAB340} = {3F45E7B1-0419-3DA5-82C7-530932AAB340}
		{F9EAB7E8-CB68-367D-B205-2C242A815B20} = {F9EAB7E8-CB68-367D-B205-2C242A815B20}
		{83077530-3DA2-3393-8BAF-039165D00911} = {83077530-3DA2-3393-8BAF-039165D00911}
		{0FB8F2A2-1CA3-3DC0-BF00-F9E69D6C87A5} = {0FB8F2A2-1CA3-3DC0-BF00-F9E69D6C87A5}
		{D58DA0F3-CEF0-3288-89AB-D45BDCBF5E52} = {D58DA0F3-CEF0-3288-89AB-D45BDCBF5E52}
		{3962EC68-D49D-31E8-BD42-0882ECA02D76} = {3962EC68-D49D-31E8-BD42-0882ECA02D76}
		{AE2D2E88-1B6C-3DCB-9622-56754D9F84A8} = {AE2D2E88-1B6C-3DCB-9622-56754D9F84A8}
	EndProjectSection
EndProject
Project("{8BC9CEB8-8B4A-11D0-8D11-00A0C91BC942}") = "App_HelloWorld", "examples\HelloWorld\App_HelloWorld.vcxproj", "{E7A376EB-4887-3B9F-A5AA-00F22AC37BA9}"
	ProjectSection(ProjectDependencies) = postProject
		{ED606AF6-033A-30B2-9673-B3527D6DD57B} = {ED606AF6-033A-30B2-9673-B3527D6DD57B}
		{110FC8BE-1F0E-3FE1-BDF1-848E4B2BD726} = {110FC8BE-1F0E-3FE1-BDF1-848E4B2BD726}
		{0FB8F2A2-1CA3-3DC0-BF00-F9E69D6C87A5} = {0FB8F2A2-1CA3-3DC0-BF00-F9E69D6C87A5}
		{3962EC68-D49D-31E8-BD42-0882ECA02D76} = {3962EC68-D49D-31E8-BD42-0882ECA02D76}
	EndProjectSection
EndProject
Project("{8BC9CEB8-8B4A-11D0-8D11-00A0C91BC942}") = "App_SharedMemoryPhysics", "examples\SharedMemory\App_SharedMemoryPhysics.vcxproj", "{917E6B05-1330-38BC-A360-0C91A52D78F6}"
	ProjectSection(ProjectDependencies) = postProject
		{9A80F3F0-8FE1-32B0-B173-F69BD45C2DF5} = {9A80F3F0-8FE1-32B0-B173-F69BD45C2DF5}
		{ED606AF6-033A-30B2-9673-B3527D6DD57B} = {ED606AF6-033A-30B2-9673-B3527D6DD57B}
		{110FC8BE-1F0E-3FE1-BDF1-848E4B2BD726} = {110FC8BE-1F0E-3FE1-BDF1-848E4B2BD726}
		{4358FFD2-5CB1-3CA2-BBCE-499D5909D30D} = {4358FFD2-5CB1-3CA2-BBCE-499D5909D30D}
		{B0DA0381-DA13-3DF3-AD10-9487B29EDAD6} = {B0DA0381-DA13-3DF3-AD10-9487B29EDAD6}
		{3F45E7B1-0419-3DA5-82C7-530932AAB340} = {3F45E7B1-0419-3DA5-82C7-530932AAB340}
		{B518855C-DBC1-3EF8-A624-B673BFFF6A67} = {B518855C-DBC1-3EF8-A624-B673BFFF6A67}
		{83077530-3DA2-3393-8BAF-039165D00911} = {83077530-3DA2-3393-8BAF-039165D00911}
		{0FB8F2A2-1CA3-3DC0-BF00-F9E69D6C87A5} = {0FB8F2A2-1CA3-3DC0-BF00-F9E69D6C87A5}
		{3962EC68-D49D-31E8-BD42-0882ECA02D76} = {3962EC68-D49D-31E8-BD42-0882ECA02D76}
	EndProjectSection
EndProject
Project("{8BC9CEB8-8B4A-11D0-8D11-00A0C91BC942}") = "App_SharedMemoryPhysics_GUI", "examples\SharedMemory\App_SharedMemoryPhysics_GUI.vcxproj", "{2B5452CE-6E49-3216-95EE-F78850987384}"
	ProjectSection(ProjectDependencies) = postProject
		{9A80F3F0-8FE1-32B0-B173-F69BD45C2DF5} = {9A80F3F0-8FE1-32B0-B173-F69BD45C2DF5}
		{ED606AF6-033A-30B2-9673-B3527D6DD57B} = {ED606AF6-033A-30B2-9673-B3527D6DD57B}
		{110FC8BE-1F0E-3FE1-BDF1-848E4B2BD726} = {110FC8BE-1F0E-3FE1-BDF1-848E4B2BD726}
		{4358FFD2-5CB1-3CA2-BBCE-499D5909D30D} = {4358FFD2-5CB1-3CA2-BBCE-499D5909D30D}
		{B0DA0381-DA13-3DF3-AD10-9487B29EDAD6} = {B0DA0381-DA13-3DF3-AD10-9487B29EDAD6}
		{3F45E7B1-0419-3DA5-82C7-530932AAB340} = {3F45E7B1-0419-3DA5-82C7-530932AAB340}
		{B518855C-DBC1-3EF8-A624-B673BFFF6A67} = {B518855C-DBC1-3EF8-A624-B673BFFF6A67}
		{83077530-3DA2-3393-8BAF-039165D00911} = {83077530-3DA2-3393-8BAF-039165D00911}
		{0FB8F2A2-1CA3-3DC0-BF00-F9E69D6C87A5} = {0FB8F2A2-1CA3-3DC0-BF00-F9E69D6C87A5}
		{D58DA0F3-CEF0-3288-89AB-D45BDCBF5E52} = {D58DA0F3-CEF0-3288-89AB-D45BDCBF5E52}
		{3962EC68-D49D-31E8-BD42-0882ECA02D76} = {3962EC68-D49D-31E8-BD42-0882ECA02D76}
	EndProjectSection
EndProject
Project("{8BC9CEB8-8B4A-11D0-8D11-00A0C91BC942}") = "App_SharedMemoryPhysics_VR", "examples\SharedMemory\App_SharedMemoryPhysics_VR.vcxproj", "{74BC77C7-0DF7-3730-A35C-D19787229AE9}"
	ProjectSection(ProjectDependencies) = postProject
		{9A80F3F0-8FE1-32B0-B173-F69BD45C2DF5} = {9A80F3F0-8FE1-32B0-B173-F69BD45C2DF5}
		{ED606AF6-033A-30B2-9673-B3527D6DD57B} = {ED606AF6-033A-30B2-9673-B3527D6DD57B}
		{110FC8BE-1F0E-3FE1-BDF1-848E4B2BD726} = {110FC8BE-1F0E-3FE1-BDF1-848E4B2BD726}
		{4358FFD2-5CB1-3CA2-BBCE-499D5909D30D} = {4358FFD2-5CB1-3CA2-BBCE-499D5909D30D}
		{B0DA0381-DA13-3DF3-AD10-9487B29EDAD6} = {B0DA0381-DA13-3DF3-AD10-9487B29EDAD6}
		{3F45E7B1-0419-3DA5-82C7-530932AAB340} = {3F45E7B1-0419-3DA5-82C7-530932AAB340}
		{B518855C-DBC1-3EF8-A624-B673BFFF6A67} = {B518855C-DBC1-3EF8-A624-B673BFFF6A67}
		{83077530-3DA2-3393-8BAF-039165D00911} = {83077530-3DA2-3393-8BAF-039165D00911}
		{0FB8F2A2-1CA3-3DC0-BF00-F9E69D6C87A5} = {0FB8F2A2-1CA3-3DC0-BF00-F9E69D6C87A5}
		{D58DA0F3-CEF0-3288-89AB-D45BDCBF5E52} = {D58DA0F3-CEF0-3288-89AB-D45BDCBF5E52}
		{3962EC68-D49D-31E8-BD42-0882ECA02D76} = {3962EC68-D49D-31E8-BD42-0882ECA02D76}
	EndProjectSection
EndProject
Project("{8BC9CEB8-8B4A-11D0-8D11-00A0C91BC942}") = "Bullet2FileLoader", "src\Bullet3Serialize\Bullet2FileLoader\Bullet2FileLoader.vcxproj", "{23FAD95F-9E4A-3FC6-8260-B0B6ECDA4FAB}"
	ProjectSection(ProjectDependencies) = postProject
		{3962EC68-D49D-31E8-BD42-0882ECA02D76} = {3962EC68-D49D-31E8-BD42-0882ECA02D76}
	EndProjectSection
EndProject
Project("{8BC9CEB8-8B4A-11D0-8D11-00A0C91BC942}") = "Bullet3Collision", "src\Bullet3Collision\Bullet3Collision.vcxproj", "{E58BE84F-2D7A-3105-A12F-0CBEC29CBC75}"
	ProjectSection(ProjectDependencies) = postProject
		{3962EC68-D49D-31E8-BD42-0882ECA02D76} = {3962EC68-D49D-31E8-BD42-0882ECA02D76}
	EndProjectSection
EndProject
Project("{8BC9CEB8-8B4A-11D0-8D11-00A0C91BC942}") = "Bullet3Common", "src\Bullet3Common\Bullet3Common.vcxproj", "{9A80F3F0-8FE1-32B0-B173-F69BD45C2DF5}"
	ProjectSection(ProjectDependencies) = postProject
		{3962EC68-D49D-31E8-BD42-0882ECA02D76} = {3962EC68-D49D-31E8-BD42-0882ECA02D76}
	EndProjectSection
EndProject
Project("{8BC9CEB8-8B4A-11D0-8D11-00A0C91BC942}") = "Bullet3Dynamics", "src\Bullet3Dynamics\Bullet3Dynamics.vcxproj", "{5B9137E9-1E37-31B8-85D5-F911DE9C616E}"
	ProjectSection(ProjectDependencies) = postProject
		{3962EC68-D49D-31E8-BD42-0882ECA02D76} = {3962EC68-D49D-31E8-BD42-0882ECA02D76}
	EndProjectSection
EndProject
Project("{8BC9CEB8-8B4A-11D0-8D11-00A0C91BC942}") = "Bullet3Geometry", "src\Bullet3Geometry\Bullet3Geometry.vcxproj", "{CEEB8D66-EA5C-33D3-A2CE-57F6BCABB719}"
	ProjectSection(ProjectDependencies) = postProject
		{3962EC68-D49D-31E8-BD42-0882ECA02D76} = {3962EC68-D49D-31E8-BD42-0882ECA02D76}
	EndProjectSection
EndProject
Project("{8BC9CEB8-8B4A-11D0-8D11-00A0C91BC942}") = "Bullet3OpenCL_clew", "src\Bullet3OpenCL\Bullet3OpenCL_clew.vcxproj", "{FD23B0AA-EF30-3731-B4C1-A9F4005267DC}"
	ProjectSection(ProjectDependencies) = postProject
		{3962EC68-D49D-31E8-BD42-0882ECA02D76} = {3962EC68-D49D-31E8-BD42-0882ECA02D76}
	EndProjectSection
EndProject
Project("{8BC9CEB8-8B4A-11D0-8D11-00A0C91BC942}") = "BulletCollision", "src\BulletCollision\BulletCollision.vcxproj", "{ED606AF6-033A-30B2-9673-B3527D6DD57B}"
	ProjectSection(ProjectDependencies) = postProject
		{3962EC68-D49D-31E8-BD42-0882ECA02D76} = {3962EC68-D49D-31E8-BD42-0882ECA02D76}
	EndProjectSection
EndProject
Project("{8BC9CEB8-8B4A-11D0-8D11-00A0C91BC942}") = "BulletDynamics", "src\BulletDynamics\BulletDynamics.vcxproj", "{110FC8BE-1F0E-3FE1-BDF1-848E4B2BD726}"
	ProjectSection(ProjectDependencies) = postProject
		{3962EC68-D49D-31E8-BD42-0882ECA02D76} = {3962EC68-D49D-31E8-BD42-0882ECA02D76}
	EndProjectSection
EndProject
Project("{8BC9CEB8-8B4A-11D0-8D11-00A0C91BC942}") = "BulletExampleBrowserLib", "examples\ExampleBrowser\BulletExampleBrowserLib.vcxproj", "{93781AF7-10F2-3DC4-8BA3-3B36BC3FE77A}"
	ProjectSection(ProjectDependencies) = postProject
		{3962EC68-D49D-31E8-BD42-0882ECA02D76} = {3962EC68-D49D-31E8-BD42-0882ECA02D76}
	EndProjectSection
EndProject
Project("{8BC9CEB8-8B4A-11D0-8D11-00A0C91BC942}") = "BulletFileLoader", "Extras\Serialize\BulletFileLoader\BulletFileLoader.vcxproj", "{4358FFD2-5CB1-3CA2-BBCE-499D5909D30D}"
	ProjectSection(ProjectDependencies) = postProject
		{3962EC68-D49D-31E8-BD42-0882ECA02D76} = {3962EC68-D49D-31E8-BD42-0882ECA02D76}
	EndProjectSection
EndProject
Project("{8BC9CEB8-8B4A-11D0-8D11-00A0C91BC942}") = "BulletInverseDynamics", "src\BulletInverseDynamics\BulletInverseDynamics.vcxproj", "{B0DA0381-DA13-3DF3-AD10-9487B29EDAD6}"
	ProjectSection(ProjectDependencies) = postProject
		{3962EC68-D49D-31E8-BD42-0882ECA02D76} = {3962EC68-D49D-31E8-BD42-0882ECA02D76}
	EndProjectSection
EndProject
Project("{8BC9CEB8-8B4A-11D0-8D11-00A0C91BC942}") = "BulletInverseDynamicsUtils", "Extras\InverseDynamics\BulletInverseDynamicsUtils.vcxproj", "{3F45E7B1-0419-3DA5-82C7-530932AAB340}"
	ProjectSection(ProjectDependencies) = postProject
		{3962EC68-D49D-31E8-BD42-0882ECA02D76} = {3962EC68-D49D-31E8-BD42-0882ECA02D76}
	EndProjectSection
EndProject
Project("{8BC9CEB8-8B4A-11D0-8D11-00A0C91BC942}") = "BulletSoftBody", "src\BulletSoftBody\BulletSoftBody.vcxproj", "{F9EAB7E8-CB68-367D-B205-2C242A815B20}"
	ProjectSection(ProjectDependencies) = postProject
		{3962EC68-D49D-31E8-BD42-0882ECA02D76} = {3962EC68-D49D-31E8-BD42-0882ECA02D76}
	EndProjectSection
EndProject
Project("{8BC9CEB8-8B4A-11D0-8D11-00A0C91BC942}") = "BulletWorldImporter", "Extras\Serialize\BulletWorldImporter\BulletWorldImporter.vcxproj", "{B518855C-DBC1-3EF8-A624-B673BFFF6A67}"
	ProjectSection(ProjectDependencies) = postProject
		{3962EC68-D49D-31E8-BD42-0882ECA02D76} = {3962EC68-D49D-31E8-BD42-0882ECA02D76}
	EndProjectSection
EndProject
Project("{8BC9CEB8-8B4A-11D0-8D11-00A0C91BC942}") = "BulletXmlWorldImporter", "Extras\Serialize\BulletXmlWorldImporter\BulletXmlWorldImporter.vcxproj", "{E1F36BB5-057B-358A-9E2D-F7C922F427D5}"
	ProjectSection(ProjectDependencies) = postProject
		{3962EC68-D49D-31E8-BD42-0882ECA02D76} = {3962EC68-D49D-31E8-BD42-0882ECA02D76}
	EndProjectSection
EndProject
Project("{8BC9CEB8-8B4A-11D0-8D11-00A0C91BC942}") = "BussIK", "examples\ThirdPartyLibs\BussIK\BussIK.vcxproj", "{83077530-3DA2-3393-8BAF-039165D00911}"
	ProjectSection(ProjectDependencies) = postProject
		{3962EC68-D49D-31E8-BD42-0882ECA02D76} = {3962EC68-D49D-31E8-BD42-0882ECA02D76}
	EndProjectSection
EndProject
Project("{8BC9CEB8-8B4A-11D0-8D11-00A0C91BC942}") = "ConvexDecomposition", "Extras\ConvexDecomposition\ConvexDecomposition.vcxproj", "{BE5B8259-1CF2-388E-8B58-90B8155540B1}"
	ProjectSection(ProjectDependencies) = postProject
		{3962EC68-D49D-31E8-BD42-0882ECA02D76} = {3962EC68-D49D-31E8-BD42-0882ECA02D76}
	EndProjectSection
EndProject
Project("{8BC9CEB8-8B4A-11D0-8D11-00A0C91BC942}") = "GIMPACTUtils", "Extras\GIMPACTUtils\GIMPACTUtils.vcxproj", "{813F99A0-803F-3A7F-8F34-D97214A87A6F}"
	ProjectSection(ProjectDependencies) = postProject
		{3962EC68-D49D-31E8-BD42-0882ECA02D76} = {3962EC68-D49D-31E8-BD42-0882ECA02D76}
	EndProjectSection
EndProject
Project("{8BC9CEB8-8B4A-11D0-8D11-00A0C91BC942}") = "HACD", "Extras\HACD\HACD.vcxproj", "{20D594B5-60BB-3A13-9BB7-D846F95C1DD5}"
	ProjectSection(ProjectDependencies) = postProject
		{3962EC68-D49D-31E8-BD42-0882ECA02D76} = {3962EC68-D49D-31E8-BD42-0882ECA02D76}
	EndProjectSection
EndProject
Project("{8BC9CEB8-8B4A-11D0-8D11-00A0C91BC942}") = "INSTALL", "INSTALL.vcxproj", "{01D38EDD-CF67-3931-80E2-20FD66BFD306}"
	ProjectSection(ProjectDependencies) = postProject
		{AE69AF6B-8CEB-3AC3-8E2C-585022974A38} = {AE69AF6B-8CEB-3AC3-8E2C-585022974A38}
		{3962EC68-D49D-31E8-BD42-0882ECA02D76} = {3962EC68-D49D-31E8-BD42-0882ECA02D76}
	EndProjectSection
EndProject
Project("{8BC9CEB8-8B4A-11D0-8D11-00A0C91BC942}") = "LinearMath", "src\LinearMath\LinearMath.vcxproj", "{0FB8F2A2-1CA3-3DC0-BF00-F9E69D6C87A5}"
	ProjectSection(ProjectDependencies) = postProject
		{3962EC68-D49D-31E8-BD42-0882ECA02D76} = {3962EC68-D49D-31E8-BD42-0882ECA02D76}
	EndProjectSection
EndProject
Project("{8BC9CEB8-8B4A-11D0-8D11-00A0C91BC942}") = "OpenGLWindow", "examples\OpenGLWindow\OpenGLWindow.vcxproj", "{D58DA0F3-CEF0-3288-89AB-D45BDCBF5E52}"
	ProjectSection(ProjectDependencies) = postProject
		{3962EC68-D49D-31E8-BD42-0882ECA02D76} = {3962EC68-D49D-31E8-BD42-0882ECA02D76}
	EndProjectSection
EndProject
Project("{8BC9CEB8-8B4A-11D0-8D11-00A0C91BC942}") = "RUN_TESTS", "RUN_TESTS.vcxproj", "{4F35C5DA-365F-3127-ACE6-DB6AD53312E3}"
	ProjectSection(ProjectDependencies) = postProject
		{3962EC68-D49D-31E8-BD42-0882ECA02D76} = {3962EC68-D49D-31E8-BD42-0882ECA02D76}
	EndProjectSection
EndProject
Project("{8BC9CEB8-8B4A-11D0-8D11-00A0C91BC942}") = "Test_BulletDynamics", "test\BulletDynamics\pendulum\Test_BulletDynamics.vcxproj", "{323F04F5-65F8-3899-9810-98E6416146DF}"
	ProjectSection(ProjectDependencies) = postProject
		{ED606AF6-033A-30B2-9673-B3527D6DD57B} = {ED606AF6-033A-30B2-9673-B3527D6DD57B}
		{110FC8BE-1F0E-3FE1-BDF1-848E4B2BD726} = {110FC8BE-1F0E-3FE1-BDF1-848E4B2BD726}
		{0FB8F2A2-1CA3-3DC0-BF00-F9E69D6C87A5} = {0FB8F2A2-1CA3-3DC0-BF00-F9E69D6C87A5}
		{3962EC68-D49D-31E8-BD42-0882ECA02D76} = {3962EC68-D49D-31E8-BD42-0882ECA02D76}
		{9C8B4B13-BAEF-3874-80C1-C54160AB7D19} = {9C8B4B13-BAEF-3874-80C1-C54160AB7D19}
	EndProjectSection
EndProject
Project("{8BC9CEB8-8B4A-11D0-8D11-00A0C91BC942}") = "Test_BulletInverseDynamics", "test\InverseDynamics\Test_BulletInverseDynamics.vcxproj", "{91C83935-8A5A-3DF6-963B-388521D32F24}"
	ProjectSection(ProjectDependencies) = postProject
		{9A80F3F0-8FE1-32B0-B173-F69BD45C2DF5} = {9A80F3F0-8FE1-32B0-B173-F69BD45C2DF5}
		{ED606AF6-033A-30B2-9673-B3527D6DD57B} = {ED606AF6-033A-30B2-9673-B3527D6DD57B}
		{110FC8BE-1F0E-3FE1-BDF1-848E4B2BD726} = {110FC8BE-1F0E-3FE1-BDF1-848E4B2BD726}
		{B0DA0381-DA13-3DF3-AD10-9487B29EDAD6} = {B0DA0381-DA13-3DF3-AD10-9487B29EDAD6}
		{3F45E7B1-0419-3DA5-82C7-530932AAB340} = {3F45E7B1-0419-3DA5-82C7-530932AAB340}
		{0FB8F2A2-1CA3-3DC0-BF00-F9E69D6C87A5} = {0FB8F2A2-1CA3-3DC0-BF00-F9E69D6C87A5}
		{3962EC68-D49D-31E8-BD42-0882ECA02D76} = {3962EC68-D49D-31E8-BD42-0882ECA02D76}
		{9C8B4B13-BAEF-3874-80C1-C54160AB7D19} = {9C8B4B13-BAEF-3874-80C1-C54160AB7D19}
	EndProjectSection
EndProject
Project("{8BC9CEB8-8B4A-11D0-8D11-00A0C91BC942}") = "Test_BulletInverseDynamicsJacobian", "test\InverseDynamics\Test_BulletInverseDynamicsJacobian.vcxproj", "{E31B6687-9A30-3C1B-A12E-10D5EAF3C256}"
	ProjectSection(ProjectDependencies) = postProject
		{9A80F3F0-8FE1-32B0-B173-F69BD45C2DF5} = {9A80F3F0-8FE1-32B0-B173-F69BD45C2DF5}
		{B0DA0381-DA13-3DF3-AD10-9487B29EDAD6} = {B0DA0381-DA13-3DF3-AD10-9487B29EDAD6}
		{3F45E7B1-0419-3DA5-82C7-530932AAB340} = {3F45E7B1-0419-3DA5-82C7-530932AAB340}
		{0FB8F2A2-1CA3-3DC0-BF00-F9E69D6C87A5} = {0FB8F2A2-1CA3-3DC0-BF00-F9E69D6C87A5}
		{3962EC68-D49D-31E8-BD42-0882ECA02D76} = {3962EC68-D49D-31E8-BD42-0882ECA02D76}
		{9C8B4B13-BAEF-3874-80C1-C54160AB7D19} = {9C8B4B13-BAEF-3874-80C1-C54160AB7D19}
	EndProjectSection
EndProject
Project("{8BC9CEB8-8B4A-11D0-8D11-00A0C91BC942}") = "Test_BulletInverseForwardDynamics", "test\InverseDynamics\Test_BulletInverseForwardDynamics.vcxproj", "{D0D9943A-33C3-3491-88A1-4CA2EF767FD3}"
	ProjectSection(ProjectDependencies) = postProject
		{9A80F3F0-8FE1-32B0-B173-F69BD45C2DF5} = {9A80F3F0-8FE1-32B0-B173-F69BD45C2DF5}
		{ED606AF6-033A-30B2-9673-B3527D6DD57B} = {ED606AF6-033A-30B2-9673-B3527D6DD57B}
		{110FC8BE-1F0E-3FE1-BDF1-848E4B2BD726} = {110FC8BE-1F0E-3FE1-BDF1-848E4B2BD726}
		{B0DA0381-DA13-3DF3-AD10-9487B29EDAD6} = {B0DA0381-DA13-3DF3-AD10-9487B29EDAD6}
		{3F45E7B1-0419-3DA5-82C7-530932AAB340} = {3F45E7B1-0419-3DA5-82C7-530932AAB340}
		{0FB8F2A2-1CA3-3DC0-BF00-F9E69D6C87A5} = {0FB8F2A2-1CA3-3DC0-BF00-F9E69D6C87A5}
		{3962EC68-D49D-31E8-BD42-0882ECA02D76} = {3962EC68-D49D-31E8-BD42-0882ECA02D76}
		{9C8B4B13-BAEF-3874-80C1-C54160AB7D19} = {9C8B4B13-BAEF-3874-80C1-C54160AB7D19}
	EndProjectSection
EndProject
Project("{8BC9CEB8-8B4A-11D0-8D11-00A0C91BC942}") = "Test_Collision", "test\collision\Test_Collision.vcxproj", "{FE324EF2-B739-33BE-9D4A-4690F40BAB62}"
	ProjectSection(ProjectDependencies) = postProject
		{0FB8F2A2-1CA3-3DC0-BF00-F9E69D6C87A5} = {0FB8F2A2-1CA3-3DC0-BF00-F9E69D6C87A5}
		{3962EC68-D49D-31E8-BD42-0882ECA02D76} = {3962EC68-D49D-31E8-BD42-0882ECA02D76}
		{9C8B4B13-BAEF-3874-80C1-C54160AB7D19} = {9C8B4B13-BAEF-3874-80C1-C54160AB7D19}
	EndProjectSection
EndProject
Project("{8BC9CEB8-8B4A-11D0-8D11-00A0C91BC942}") = "Test_PhysicsClientServer", "test\SharedMemory\Test_PhysicsClientServer.vcxproj", "{568BBAB0-6299-3CFF-9B1D-9E130ADB0303}"
	ProjectSection(ProjectDependencies) = postProject
		{9A80F3F0-8FE1-32B0-B173-F69BD45C2DF5} = {9A80F3F0-8FE1-32B0-B173-F69BD45C2DF5}
		{ED606AF6-033A-30B2-9673-B3527D6DD57B} = {ED606AF6-033A-30B2-9673-B3527D6DD57B}
		{110FC8BE-1F0E-3FE1-BDF1-848E4B2BD726} = {110FC8BE-1F0E-3FE1-BDF1-848E4B2BD726}
		{4358FFD2-5CB1-3CA2-BBCE-499D5909D30D} = {4358FFD2-5CB1-3CA2-BBCE-499D5909D30D}
		{B0DA0381-DA13-3DF3-AD10-9487B29EDAD6} = {B0DA0381-DA13-3DF3-AD10-9487B29EDAD6}
		{3F45E7B1-0419-3DA5-82C7-530932AAB340} = {3F45E7B1-0419-3DA5-82C7-530932AAB340}
		{B518855C-DBC1-3EF8-A624-B673BFFF6A67} = {B518855C-DBC1-3EF8-A624-B673BFFF6A67}
		{83077530-3DA2-3393-8BAF-039165D00911} = {83077530-3DA2-3393-8BAF-039165D00911}
		{0FB8F2A2-1CA3-3DC0-BF00-F9E69D6C87A5} = {0FB8F2A2-1CA3-3DC0-BF00-F9E69D6C87A5}
		{3962EC68-D49D-31E8-BD42-0882ECA02D76} = {3962EC68-D49D-31E8-BD42-0882ECA02D76}
		{9C8B4B13-BAEF-3874-80C1-C54160AB7D19} = {9C8B4B13-BAEF-3874-80C1-C54160AB7D19}
	EndProjectSection
EndProject
Project("{8BC9CEB8-8B4A-11D0-8D11-00A0C91BC942}") = "ZERO_CHECK", "ZERO_CHECK.vcxproj", "{3962EC68-D49D-31E8-BD42-0882ECA02D76}"
	ProjectSection(ProjectDependencies) = postProject
	EndProjectSection
EndProject
Project("{8BC9CEB8-8B4A-11D0-8D11-00A0C91BC942}") = "gtest", "test\gtest-1.7.0\gtest.vcxproj", "{9C8B4B13-BAEF-3874-80C1-C54160AB7D19}"
	ProjectSection(ProjectDependencies) = postProject
		{3962EC68-D49D-31E8-BD42-0882ECA02D76} = {3962EC68-D49D-31E8-BD42-0882ECA02D76}
	EndProjectSection
EndProject
Project("{8BC9CEB8-8B4A-11D0-8D11-00A0C91BC942}") = "gwen", "examples\ThirdPartyLibs\Gwen\gwen.vcxproj", "{AE2D2E88-1B6C-3DCB-9622-56754D9F84A8}"
	ProjectSection(ProjectDependencies) = postProject
		{3962EC68-D49D-31E8-BD42-0882ECA02D76} = {3962EC68-D49D-31E8-BD42-0882ECA02D76}
	EndProjectSection
EndProject
Global
	GlobalSection(SolutionConfigurationPlatforms) = preSolution
		Debug|Win32 = Debug|Win32
		Release|Win32 = Release|Win32
		MinSizeRel|Win32 = MinSizeRel|Win32
		RelWithDebInfo|Win32 = RelWithDebInfo|Win32
	EndGlobalSection
	GlobalSection(ProjectConfigurationPlatforms) = postSolution
		{AE69AF6B-8CEB-3AC3-8E2C-585022974A38}.Debug|Win32.ActiveCfg = Debug|Win32
		{AE69AF6B-8CEB-3AC3-8E2C-585022974A38}.Debug|Win32.Build.0 = Debug|Win32
		{AE69AF6B-8CEB-3AC3-8E2C-585022974A38}.Release|Win32.ActiveCfg = Release|Win32
		{AE69AF6B-8CEB-3AC3-8E2C-585022974A38}.Release|Win32.Build.0 = Release|Win32
		{AE69AF6B-8CEB-3AC3-8E2C-585022974A38}.MinSizeRel|Win32.ActiveCfg = MinSizeRel|Win32
		{AE69AF6B-8CEB-3AC3-8E2C-585022974A38}.MinSizeRel|Win32.Build.0 = MinSizeRel|Win32
		{AE69AF6B-8CEB-3AC3-8E2C-585022974A38}.RelWithDebInfo|Win32.ActiveCfg = RelWithDebInfo|Win32
		{AE69AF6B-8CEB-3AC3-8E2C-585022974A38}.RelWithDebInfo|Win32.Build.0 = RelWithDebInfo|Win32
		{00781BE1-ECDB-3ECF-BD26-A13E50F79472}.Debug|Win32.ActiveCfg = Debug|Win32
		{00781BE1-ECDB-3ECF-BD26-A13E50F79472}.Debug|Win32.Build.0 = Debug|Win32
		{00781BE1-ECDB-3ECF-BD26-A13E50F79472}.Release|Win32.ActiveCfg = Release|Win32
		{00781BE1-ECDB-3ECF-BD26-A13E50F79472}.Release|Win32.Build.0 = Release|Win32
		{00781BE1-ECDB-3ECF-BD26-A13E50F79472}.MinSizeRel|Win32.ActiveCfg = MinSizeRel|Win32
		{00781BE1-ECDB-3ECF-BD26-A13E50F79472}.MinSizeRel|Win32.Build.0 = MinSizeRel|Win32
		{00781BE1-ECDB-3ECF-BD26-A13E50F79472}.RelWithDebInfo|Win32.ActiveCfg = RelWithDebInfo|Win32
		{00781BE1-ECDB-3ECF-BD26-A13E50F79472}.RelWithDebInfo|Win32.Build.0 = RelWithDebInfo|Win32
		{5B101B7F-18E4-3B8A-8818-B34A115AE2D0}.Debug|Win32.ActiveCfg = Debug|Win32
		{5B101B7F-18E4-3B8A-8818-B34A115AE2D0}.Debug|Win32.Build.0 = Debug|Win32
		{5B101B7F-18E4-3B8A-8818-B34A115AE2D0}.Release|Win32.ActiveCfg = Release|Win32
		{5B101B7F-18E4-3B8A-8818-B34A115AE2D0}.Release|Win32.Build.0 = Release|Win32
		{5B101B7F-18E4-3B8A-8818-B34A115AE2D0}.MinSizeRel|Win32.ActiveCfg = MinSizeRel|Win32
		{5B101B7F-18E4-3B8A-8818-B34A115AE2D0}.MinSizeRel|Win32.Build.0 = MinSizeRel|Win32
		{5B101B7F-18E4-3B8A-8818-B34A115AE2D0}.RelWithDebInfo|Win32.ActiveCfg = RelWithDebInfo|Win32
		{5B101B7F-18E4-3B8A-8818-B34A115AE2D0}.RelWithDebInfo|Win32.Build.0 = RelWithDebInfo|Win32
		{834904E7-31CD-339E-95ED-5686CC160D97}.Debug|Win32.ActiveCfg = Debug|Win32
		{834904E7-31CD-339E-95ED-5686CC160D97}.Debug|Win32.Build.0 = Debug|Win32
		{834904E7-31CD-339E-95ED-5686CC160D97}.Release|Win32.ActiveCfg = Release|Win32
		{834904E7-31CD-339E-95ED-5686CC160D97}.Release|Win32.Build.0 = Release|Win32
		{834904E7-31CD-339E-95ED-5686CC160D97}.MinSizeRel|Win32.ActiveCfg = MinSizeRel|Win32
		{834904E7-31CD-339E-95ED-5686CC160D97}.MinSizeRel|Win32.Build.0 = MinSizeRel|Win32
		{834904E7-31CD-339E-95ED-5686CC160D97}.RelWithDebInfo|Win32.ActiveCfg = RelWithDebInfo|Win32
		{834904E7-31CD-339E-95ED-5686CC160D97}.RelWithDebInfo|Win32.Build.0 = RelWithDebInfo|Win32
		{E7A376EB-4887-3B9F-A5AA-00F22AC37BA9}.Debug|Win32.ActiveCfg = Debug|Win32
		{E7A376EB-4887-3B9F-A5AA-00F22AC37BA9}.Debug|Win32.Build.0 = Debug|Win32
		{E7A376EB-4887-3B9F-A5AA-00F22AC37BA9}.Release|Win32.ActiveCfg = Release|Win32
		{E7A376EB-4887-3B9F-A5AA-00F22AC37BA9}.Release|Win32.Build.0 = Release|Win32
		{E7A376EB-4887-3B9F-A5AA-00F22AC37BA9}.MinSizeRel|Win32.ActiveCfg = MinSizeRel|Win32
		{E7A376EB-4887-3B9F-A5AA-00F22AC37BA9}.MinSizeRel|Win32.Build.0 = MinSizeRel|Win32
		{E7A376EB-4887-3B9F-A5AA-00F22AC37BA9}.RelWithDebInfo|Win32.ActiveCfg = RelWithDebInfo|Win32
		{E7A376EB-4887-3B9F-A5AA-00F22AC37BA9}.RelWithDebInfo|Win32.Build.0 = RelWithDebInfo|Win32
		{917E6B05-1330-38BC-A360-0C91A52D78F6}.Debug|Win32.ActiveCfg = Debug|Win32
		{917E6B05-1330-38BC-A360-0C91A52D78F6}.Debug|Win32.Build.0 = Debug|Win32
		{917E6B05-1330-38BC-A360-0C91A52D78F6}.Release|Win32.ActiveCfg = Release|Win32
		{917E6B05-1330-38BC-A360-0C91A52D78F6}.Release|Win32.Build.0 = Release|Win32
		{917E6B05-1330-38BC-A360-0C91A52D78F6}.MinSizeRel|Win32.ActiveCfg = MinSizeRel|Win32
		{917E6B05-1330-38BC-A360-0C91A52D78F6}.MinSizeRel|Win32.Build.0 = MinSizeRel|Win32
		{917E6B05-1330-38BC-A360-0C91A52D78F6}.RelWithDebInfo|Win32.ActiveCfg = RelWithDebInfo|Win32
		{917E6B05-1330-38BC-A360-0C91A52D78F6}.RelWithDebInfo|Win32.Build.0 = RelWithDebInfo|Win32
		{2B5452CE-6E49-3216-95EE-F78850987384}.Debug|Win32.ActiveCfg = Debug|Win32
		{2B5452CE-6E49-3216-95EE-F78850987384}.Debug|Win32.Build.0 = Debug|Win32
		{2B5452CE-6E49-3216-95EE-F78850987384}.Release|Win32.ActiveCfg = Release|Win32
		{2B5452CE-6E49-3216-95EE-F78850987384}.Release|Win32.Build.0 = Release|Win32
		{2B5452CE-6E49-3216-95EE-F78850987384}.MinSizeRel|Win32.ActiveCfg = MinSizeRel|Win32
		{2B5452CE-6E49-3216-95EE-F78850987384}.MinSizeRel|Win32.Build.0 = MinSizeRel|Win32
		{2B5452CE-6E49-3216-95EE-F78850987384}.RelWithDebInfo|Win32.ActiveCfg = RelWithDebInfo|Win32
		{2B5452CE-6E49-3216-95EE-F78850987384}.RelWithDebInfo|Win32.Build.0 = RelWithDebInfo|Win32
		{74BC77C7-0DF7-3730-A35C-D19787229AE9}.Debug|Win32.ActiveCfg = Debug|Win32
		{74BC77C7-0DF7-3730-A35C-D19787229AE9}.Debug|Win32.Build.0 = Debug|Win32
		{74BC77C7-0DF7-3730-A35C-D19787229AE9}.Release|Win32.ActiveCfg = Release|Win32
		{74BC77C7-0DF7-3730-A35C-D19787229AE9}.Release|Win32.Build.0 = Release|Win32
		{74BC77C7-0DF7-3730-A35C-D19787229AE9}.MinSizeRel|Win32.ActiveCfg = MinSizeRel|Win32
		{74BC77C7-0DF7-3730-A35C-D19787229AE9}.MinSizeRel|Win32.Build.0 = MinSizeRel|Win32
		{74BC77C7-0DF7-3730-A35C-D19787229AE9}.RelWithDebInfo|Win32.ActiveCfg = RelWithDebInfo|Win32
		{74BC77C7-0DF7-3730-A35C-D19787229AE9}.RelWithDebInfo|Win32.Build.0 = RelWithDebInfo|Win32
		{23FAD95F-9E4A-3FC6-8260-B0B6ECDA4FAB}.Debug|Win32.ActiveCfg = Debug|Win32
		{23FAD95F-9E4A-3FC6-8260-B0B6ECDA4FAB}.Debug|Win32.Build.0 = Debug|Win32
		{23FAD95F-9E4A-3FC6-8260-B0B6ECDA4FAB}.Release|Win32.ActiveCfg = Release|Win32
		{23FAD95F-9E4A-3FC6-8260-B0B6ECDA4FAB}.Release|Win32.Build.0 = Release|Win32
		{23FAD95F-9E4A-3FC6-8260-B0B6ECDA4FAB}.MinSizeRel|Win32.ActiveCfg = MinSizeRel|Win32
		{23FAD95F-9E4A-3FC6-8260-B0B6ECDA4FAB}.MinSizeRel|Win32.Build.0 = MinSizeRel|Win32
		{23FAD95F-9E4A-3FC6-8260-B0B6ECDA4FAB}.RelWithDebInfo|Win32.ActiveCfg = RelWithDebInfo|Win32
		{23FAD95F-9E4A-3FC6-8260-B0B6ECDA4FAB}.RelWithDebInfo|Win32.Build.0 = RelWithDebInfo|Win32
		{E58BE84F-2D7A-3105-A12F-0CBEC29CBC75}.Debug|Win32.ActiveCfg = Debug|Win32
		{E58BE84F-2D7A-3105-A12F-0CBEC29CBC75}.Debug|Win32.Build.0 = Debug|Win32
		{E58BE84F-2D7A-3105-A12F-0CBEC29CBC75}.Release|Win32.ActiveCfg = Release|Win32
		{E58BE84F-2D7A-3105-A12F-0CBEC29CBC75}.Release|Win32.Build.0 = Release|Win32
		{E58BE84F-2D7A-3105-A12F-0CBEC29CBC75}.MinSizeRel|Win32.ActiveCfg = MinSizeRel|Win32
		{E58BE84F-2D7A-3105-A12F-0CBEC29CBC75}.MinSizeRel|Win32.Build.0 = MinSizeRel|Win32
		{E58BE84F-2D7A-3105-A12F-0CBEC29CBC75}.RelWithDebInfo|Win32.ActiveCfg = RelWithDebInfo|Win32
		{E58BE84F-2D7A-3105-A12F-0CBEC29CBC75}.RelWithDebInfo|Win32.Build.0 = RelWithDebInfo|Win32
		{9A80F3F0-8FE1-32B0-B173-F69BD45C2DF5}.Debug|Win32.ActiveCfg = Debug|Win32
		{9A80F3F0-8FE1-32B0-B173-F69BD45C2DF5}.Debug|Win32.Build.0 = Debug|Win32
		{9A80F3F0-8FE1-32B0-B173-F69BD45C2DF5}.Release|Win32.ActiveCfg = Release|Win32
		{9A80F3F0-8FE1-32B0-B173-F69BD45C2DF5}.Release|Win32.Build.0 = Release|Win32
		{9A80F3F0-8FE1-32B0-B173-F69BD45C2DF5}.MinSizeRel|Win32.ActiveCfg = MinSizeRel|Win32
		{9A80F3F0-8FE1-32B0-B173-F69BD45C2DF5}.MinSizeRel|Win32.Build.0 = MinSizeRel|Win32
		{9A80F3F0-8FE1-32B0-B173-F69BD45C2DF5}.RelWithDebInfo|Win32.ActiveCfg = RelWithDebInfo|Win32
		{9A80F3F0-8FE1-32B0-B173-F69BD45C2DF5}.RelWithDebInfo|Win32.Build.0 = RelWithDebInfo|Win32
		{5B9137E9-1E37-31B8-85D5-F911DE9C616E}.Debug|Win32.ActiveCfg = Debug|Win32
		{5B9137E9-1E37-31B8-85D5-F911DE9C616E}.Debug|Win32.Build.0 = Debug|Win32
		{5B9137E9-1E37-31B8-85D5-F911DE9C616E}.Release|Win32.ActiveCfg = Release|Win32
		{5B9137E9-1E37-31B8-85D5-F911DE9C616E}.Release|Win32.Build.0 = Release|Win32
		{5B9137E9-1E37-31B8-85D5-F911DE9C616E}.MinSizeRel|Win32.ActiveCfg = MinSizeRel|Win32
		{5B9137E9-1E37-31B8-85D5-F911DE9C616E}.MinSizeRel|Win32.Build.0 = MinSizeRel|Win32
		{5B9137E9-1E37-31B8-85D5-F911DE9C616E}.RelWithDebInfo|Win32.ActiveCfg = RelWithDebInfo|Win32
		{5B9137E9-1E37-31B8-85D5-F911DE9C616E}.RelWithDebInfo|Win32.Build.0 = RelWithDebInfo|Win32
		{CEEB8D66-EA5C-33D3-A2CE-57F6BCABB719}.Debug|Win32.ActiveCfg = Debug|Win32
		{CEEB8D66-EA5C-33D3-A2CE-57F6BCABB719}.Debug|Win32.Build.0 = Debug|Win32
		{CEEB8D66-EA5C-33D3-A2CE-57F6BCABB719}.Release|Win32.ActiveCfg = Release|Win32
		{CEEB8D66-EA5C-33D3-A2CE-57F6BCABB719}.Release|Win32.Build.0 = Release|Win32
		{CEEB8D66-EA5C-33D3-A2CE-57F6BCABB719}.MinSizeRel|Win32.ActiveCfg = MinSizeRel|Win32
		{CEEB8D66-EA5C-33D3-A2CE-57F6BCABB719}.MinSizeRel|Win32.Build.0 = MinSizeRel|Win32
		{CEEB8D66-EA5C-33D3-A2CE-57F6BCABB719}.RelWithDebInfo|Win32.ActiveCfg = RelWithDebInfo|Win32
		{CEEB8D66-EA5C-33D3-A2CE-57F6BCABB719}.RelWithDebInfo|Win32.Build.0 = RelWithDebInfo|Win32
		{FD23B0AA-EF30-3731-B4C1-A9F4005267DC}.Debug|Win32.ActiveCfg = Debug|Win32
		{FD23B0AA-EF30-3731-B4C1-A9F4005267DC}.Debug|Win32.Build.0 = Debug|Win32
		{FD23B0AA-EF30-3731-B4C1-A9F4005267DC}.Release|Win32.ActiveCfg = Release|Win32
		{FD23B0AA-EF30-3731-B4C1-A9F4005267DC}.Release|Win32.Build.0 = Release|Win32
		{FD23B0AA-EF30-3731-B4C1-A9F4005267DC}.MinSizeRel|Win32.ActiveCfg = MinSizeRel|Win32
		{FD23B0AA-EF30-3731-B4C1-A9F4005267DC}.MinSizeRel|Win32.Build.0 = MinSizeRel|Win32
		{FD23B0AA-EF30-3731-B4C1-A9F4005267DC}.RelWithDebInfo|Win32.ActiveCfg = RelWithDebInfo|Win32
		{FD23B0AA-EF30-3731-B4C1-A9F4005267DC}.RelWithDebInfo|Win32.Build.0 = RelWithDebInfo|Win32
		{ED606AF6-033A-30B2-9673-B3527D6DD57B}.Debug|Win32.ActiveCfg = Debug|Win32
		{ED606AF6-033A-30B2-9673-B3527D6DD57B}.Debug|Win32.Build.0 = Debug|Win32
		{ED606AF6-033A-30B2-9673-B3527D6DD57B}.Release|Win32.ActiveCfg = Release|Win32
		{ED606AF6-033A-30B2-9673-B3527D6DD57B}.Release|Win32.Build.0 = Release|Win32
		{ED606AF6-033A-30B2-9673-B3527D6DD57B}.MinSizeRel|Win32.ActiveCfg = MinSizeRel|Win32
		{ED606AF6-033A-30B2-9673-B3527D6DD57B}.MinSizeRel|Win32.Build.0 = MinSizeRel|Win32
		{ED606AF6-033A-30B2-9673-B3527D6DD57B}.RelWithDebInfo|Win32.ActiveCfg = RelWithDebInfo|Win32
		{ED606AF6-033A-30B2-9673-B3527D6DD57B}.RelWithDebInfo|Win32.Build.0 = RelWithDebInfo|Win32
		{110FC8BE-1F0E-3FE1-BDF1-848E4B2BD726}.Debug|Win32.ActiveCfg = Debug|Win32
		{110FC8BE-1F0E-3FE1-BDF1-848E4B2BD726}.Debug|Win32.Build.0 = Debug|Win32
		{110FC8BE-1F0E-3FE1-BDF1-848E4B2BD726}.Release|Win32.ActiveCfg = Release|Win32
		{110FC8BE-1F0E-3FE1-BDF1-848E4B2BD726}.Release|Win32.Build.0 = Release|Win32
		{110FC8BE-1F0E-3FE1-BDF1-848E4B2BD726}.MinSizeRel|Win32.ActiveCfg = MinSizeRel|Win32
		{110FC8BE-1F0E-3FE1-BDF1-848E4B2BD726}.MinSizeRel|Win32.Build.0 = MinSizeRel|Win32
		{110FC8BE-1F0E-3FE1-BDF1-848E4B2BD726}.RelWithDebInfo|Win32.ActiveCfg = RelWithDebInfo|Win32
		{110FC8BE-1F0E-3FE1-BDF1-848E4B2BD726}.RelWithDebInfo|Win32.Build.0 = RelWithDebInfo|Win32
		{93781AF7-10F2-3DC4-8BA3-3B36BC3FE77A}.Debug|Win32.ActiveCfg = Debug|Win32
		{93781AF7-10F2-3DC4-8BA3-3B36BC3FE77A}.Debug|Win32.Build.0 = Debug|Win32
		{93781AF7-10F2-3DC4-8BA3-3B36BC3FE77A}.Release|Win32.ActiveCfg = Release|Win32
		{93781AF7-10F2-3DC4-8BA3-3B36BC3FE77A}.Release|Win32.Build.0 = Release|Win32
		{93781AF7-10F2-3DC4-8BA3-3B36BC3FE77A}.MinSizeRel|Win32.ActiveCfg = MinSizeRel|Win32
		{93781AF7-10F2-3DC4-8BA3-3B36BC3FE77A}.MinSizeRel|Win32.Build.0 = MinSizeRel|Win32
		{93781AF7-10F2-3DC4-8BA3-3B36BC3FE77A}.RelWithDebInfo|Win32.ActiveCfg = RelWithDebInfo|Win32
		{93781AF7-10F2-3DC4-8BA3-3B36BC3FE77A}.RelWithDebInfo|Win32.Build.0 = RelWithDebInfo|Win32
		{4358FFD2-5CB1-3CA2-BBCE-499D5909D30D}.Debug|Win32.ActiveCfg = Debug|Win32
		{4358FFD2-5CB1-3CA2-BBCE-499D5909D30D}.Debug|Win32.Build.0 = Debug|Win32
		{4358FFD2-5CB1-3CA2-BBCE-499D5909D30D}.Release|Win32.ActiveCfg = Release|Win32
		{4358FFD2-5CB1-3CA2-BBCE-499D5909D30D}.Release|Win32.Build.0 = Release|Win32
		{4358FFD2-5CB1-3CA2-BBCE-499D5909D30D}.MinSizeRel|Win32.ActiveCfg = MinSizeRel|Win32
		{4358FFD2-5CB1-3CA2-BBCE-499D5909D30D}.MinSizeRel|Win32.Build.0 = MinSizeRel|Win32
		{4358FFD2-5CB1-3CA2-BBCE-499D5909D30D}.RelWithDebInfo|Win32.ActiveCfg = RelWithDebInfo|Win32
		{4358FFD2-5CB1-3CA2-BBCE-499D5909D30D}.RelWithDebInfo|Win32.Build.0 = RelWithDebInfo|Win32
		{B0DA0381-DA13-3DF3-AD10-9487B29EDAD6}.Debug|Win32.ActiveCfg = Debug|Win32
		{B0DA0381-DA13-3DF3-AD10-9487B29EDAD6}.Debug|Win32.Build.0 = Debug|Win32
		{B0DA0381-DA13-3DF3-AD10-9487B29EDAD6}.Release|Win32.ActiveCfg = Release|Win32
		{B0DA0381-DA13-3DF3-AD10-9487B29EDAD6}.Release|Win32.Build.0 = Release|Win32
		{B0DA0381-DA13-3DF3-AD10-9487B29EDAD6}.MinSizeRel|Win32.ActiveCfg = MinSizeRel|Win32
		{B0DA0381-DA13-3DF3-AD10-9487B29EDAD6}.MinSizeRel|Win32.Build.0 = MinSizeRel|Win32
		{B0DA0381-DA13-3DF3-AD10-9487B29EDAD6}.RelWithDebInfo|Win32.ActiveCfg = RelWithDebInfo|Win32
		{B0DA0381-DA13-3DF3-AD10-9487B29EDAD6}.RelWithDebInfo|Win32.Build.0 = RelWithDebInfo|Win32
		{3F45E7B1-0419-3DA5-82C7-530932AAB340}.Debug|Win32.ActiveCfg = Debug|Win32
		{3F45E7B1-0419-3DA5-82C7-530932AAB340}.Debug|Win32.Build.0 = Debug|Win32
		{3F45E7B1-0419-3DA5-82C7-530932AAB340}.Release|Win32.ActiveCfg = Release|Win32
		{3F45E7B1-0419-3DA5-82C7-530932AAB340}.Release|Win32.Build.0 = Release|Win32
		{3F45E7B1-0419-3DA5-82C7-530932AAB340}.MinSizeRel|Win32.ActiveCfg = MinSizeRel|Win32
		{3F45E7B1-0419-3DA5-82C7-530932AAB340}.MinSizeRel|Win32.Build.0 = MinSizeRel|Win32
		{3F45E7B1-0419-3DA5-82C7-530932AAB340}.RelWithDebInfo|Win32.ActiveCfg = RelWithDebInfo|Win32
		{3F45E7B1-0419-3DA5-82C7-530932AAB340}.RelWithDebInfo|Win32.Build.0 = RelWithDebInfo|Win32
		{F9EAB7E8-CB68-367D-B205-2C242A815B20}.Debug|Win32.ActiveCfg = Debug|Win32
		{F9EAB7E8-CB68-367D-B205-2C242A815B20}.Debug|Win32.Build.0 = Debug|Win32
		{F9EAB7E8-CB68-367D-B205-2C242A815B20}.Release|Win32.ActiveCfg = Release|Win32
		{F9EAB7E8-CB68-367D-B205-2C242A815B20}.Release|Win32.Build.0 = Release|Win32
		{F9EAB7E8-CB68-367D-B205-2C242A815B20}.MinSizeRel|Win32.ActiveCfg = MinSizeRel|Win32
		{F9EAB7E8-CB68-367D-B205-2C242A815B20}.MinSizeRel|Win32.Build.0 = MinSizeRel|Win32
		{F9EAB7E8-CB68-367D-B205-2C242A815B20}.RelWithDebInfo|Win32.ActiveCfg = RelWithDebInfo|Win32
		{F9EAB7E8-CB68-367D-B205-2C242A815B20}.RelWithDebInfo|Win32.Build.0 = RelWithDebInfo|Win32
		{B518855C-DBC1-3EF8-A624-B673BFFF6A67}.Debug|Win32.ActiveCfg = Debug|Win32
		{B518855C-DBC1-3EF8-A624-B673BFFF6A67}.Debug|Win32.Build.0 = Debug|Win32
		{B518855C-DBC1-3EF8-A624-B673BFFF6A67}.Release|Win32.ActiveCfg = Release|Win32
		{B518855C-DBC1-3EF8-A624-B673BFFF6A67}.Release|Win32.Build.0 = Release|Win32
		{B518855C-DBC1-3EF8-A624-B673BFFF6A67}.MinSizeRel|Win32.ActiveCfg = MinSizeRel|Win32
		{B518855C-DBC1-3EF8-A624-B673BFFF6A67}.MinSizeRel|Win32.Build.0 = MinSizeRel|Win32
		{B518855C-DBC1-3EF8-A624-B673BFFF6A67}.RelWithDebInfo|Win32.ActiveCfg = RelWithDebInfo|Win32
		{B518855C-DBC1-3EF8-A624-B673BFFF6A67}.RelWithDebInfo|Win32.Build.0 = RelWithDebInfo|Win32
		{E1F36BB5-057B-358A-9E2D-F7C922F427D5}.Debug|Win32.ActiveCfg = Debug|Win32
		{E1F36BB5-057B-358A-9E2D-F7C922F427D5}.Debug|Win32.Build.0 = Debug|Win32
		{E1F36BB5-057B-358A-9E2D-F7C922F427D5}.Release|Win32.ActiveCfg = Release|Win32
		{E1F36BB5-057B-358A-9E2D-F7C922F427D5}.Release|Win32.Build.0 = Release|Win32
		{E1F36BB5-057B-358A-9E2D-F7C922F427D5}.MinSizeRel|Win32.ActiveCfg = MinSizeRel|Win32
		{E1F36BB5-057B-358A-9E2D-F7C922F427D5}.MinSizeRel|Win32.Build.0 = MinSizeRel|Win32
		{E1F36BB5-057B-358A-9E2D-F7C922F427D5}.RelWithDebInfo|Win32.ActiveCfg = RelWithDebInfo|Win32
		{E1F36BB5-057B-358A-9E2D-F7C922F427D5}.RelWithDebInfo|Win32.Build.0 = RelWithDebInfo|Win32
		{83077530-3DA2-3393-8BAF-039165D00911}.Debug|Win32.ActiveCfg = Debug|Win32
		{83077530-3DA2-3393-8BAF-039165D00911}.Debug|Win32.Build.0 = Debug|Win32
		{83077530-3DA2-3393-8BAF-039165D00911}.Release|Win32.ActiveCfg = Release|Win32
		{83077530-3DA2-3393-8BAF-039165D00911}.Release|Win32.Build.0 = Release|Win32
		{83077530-3DA2-3393-8BAF-039165D00911}.MinSizeRel|Win32.ActiveCfg = MinSizeRel|Win32
		{83077530-3DA2-3393-8BAF-039165D00911}.MinSizeRel|Win32.Build.0 = MinSizeRel|Win32
		{83077530-3DA2-3393-8BAF-039165D00911}.RelWithDebInfo|Win32.ActiveCfg = RelWithDebInfo|Win32
		{83077530-3DA2-3393-8BAF-039165D00911}.RelWithDebInfo|Win32.Build.0 = RelWithDebInfo|Win32
		{BE5B8259-1CF2-388E-8B58-90B8155540B1}.Debug|Win32.ActiveCfg = Debug|Win32
		{BE5B8259-1CF2-388E-8B58-90B8155540B1}.Debug|Win32.Build.0 = Debug|Win32
		{BE5B8259-1CF2-388E-8B58-90B8155540B1}.Release|Win32.ActiveCfg = Release|Win32
		{BE5B8259-1CF2-388E-8B58-90B8155540B1}.Release|Win32.Build.0 = Release|Win32
		{BE5B8259-1CF2-388E-8B58-90B8155540B1}.MinSizeRel|Win32.ActiveCfg = MinSizeRel|Win32
		{BE5B8259-1CF2-388E-8B58-90B8155540B1}.MinSizeRel|Win32.Build.0 = MinSizeRel|Win32
		{BE5B8259-1CF2-388E-8B58-90B8155540B1}.RelWithDebInfo|Win32.ActiveCfg = RelWithDebInfo|Win32
		{BE5B8259-1CF2-388E-8B58-90B8155540B1}.RelWithDebInfo|Win32.Build.0 = RelWithDebInfo|Win32
		{813F99A0-803F-3A7F-8F34-D97214A87A6F}.Debug|Win32.ActiveCfg = Debug|Win32
		{813F99A0-803F-3A7F-8F34-D97214A87A6F}.Debug|Win32.Build.0 = Debug|Win32
		{813F99A0-803F-3A7F-8F34-D97214A87A6F}.Release|Win32.ActiveCfg = Release|Win32
		{813F99A0-803F-3A7F-8F34-D97214A87A6F}.Release|Win32.Build.0 = Release|Win32
		{813F99A0-803F-3A7F-8F34-D97214A87A6F}.MinSizeRel|Win32.ActiveCfg = MinSizeRel|Win32
		{813F99A0-803F-3A7F-8F34-D97214A87A6F}.MinSizeRel|Win32.Build.0 = MinSizeRel|Win32
		{813F99A0-803F-3A7F-8F34-D97214A87A6F}.RelWithDebInfo|Win32.ActiveCfg = RelWithDebInfo|Win32
		{813F99A0-803F-3A7F-8F34-D97214A87A6F}.RelWithDebInfo|Win32.Build.0 = RelWithDebInfo|Win32
		{20D594B5-60BB-3A13-9BB7-D846F95C1DD5}.Debug|Win32.ActiveCfg = Debug|Win32
		{20D594B5-60BB-3A13-9BB7-D846F95C1DD5}.Debug|Win32.Build.0 = Debug|Win32
		{20D594B5-60BB-3A13-9BB7-D846F95C1DD5}.Release|Win32.ActiveCfg = Release|Win32
		{20D594B5-60BB-3A13-9BB7-D846F95C1DD5}.Release|Win32.Build.0 = Release|Win32
		{20D594B5-60BB-3A13-9BB7-D846F95C1DD5}.MinSizeRel|Win32.ActiveCfg = MinSizeRel|Win32
		{20D594B5-60BB-3A13-9BB7-D846F95C1DD5}.MinSizeRel|Win32.Build.0 = MinSizeRel|Win32
		{20D594B5-60BB-3A13-9BB7-D846F95C1DD5}.RelWithDebInfo|Win32.ActiveCfg = RelWithDebInfo|Win32
		{20D594B5-60BB-3A13-9BB7-D846F95C1DD5}.RelWithDebInfo|Win32.Build.0 = RelWithDebInfo|Win32
		{01D38EDD-CF67-3931-80E2-20FD66BFD306}.Debug|Win32.ActiveCfg = Debug|Win32
		{01D38EDD-CF67-3931-80E2-20FD66BFD306}.Release|Win32.ActiveCfg = Release|Win32
		{01D38EDD-CF67-3931-80E2-20FD66BFD306}.MinSizeRel|Win32.ActiveCfg = MinSizeRel|Win32
		{01D38EDD-CF67-3931-80E2-20FD66BFD306}.RelWithDebInfo|Win32.ActiveCfg = RelWithDebInfo|Win32
		{0FB8F2A2-1CA3-3DC0-BF00-F9E69D6C87A5}.Debug|Win32.ActiveCfg = Debug|Win32
		{0FB8F2A2-1CA3-3DC0-BF00-F9E69D6C87A5}.Debug|Win32.Build.0 = Debug|Win32
		{0FB8F2A2-1CA3-3DC0-BF00-F9E69D6C87A5}.Release|Win32.ActiveCfg = Release|Win32
		{0FB8F2A2-1CA3-3DC0-BF00-F9E69D6C87A5}.Release|Win32.Build.0 = Release|Win32
		{0FB8F2A2-1CA3-3DC0-BF00-F9E69D6C87A5}.MinSizeRel|Win32.ActiveCfg = MinSizeRel|Win32
		{0FB8F2A2-1CA3-3DC0-BF00-F9E69D6C87A5}.MinSizeRel|Win32.Build.0 = MinSizeRel|Win32
		{0FB8F2A2-1CA3-3DC0-BF00-F9E69D6C87A5}.RelWithDebInfo|Win32.ActiveCfg = RelWithDebInfo|Win32
		{0FB8F2A2-1CA3-3DC0-BF00-F9E69D6C87A5}.RelWithDebInfo|Win32.Build.0 = RelWithDebInfo|Win32
		{D58DA0F3-CEF0-3288-89AB-D45BDCBF5E52}.Debug|Win32.ActiveCfg = Debug|Win32
		{D58DA0F3-CEF0-3288-89AB-D45BDCBF5E52}.Debug|Win32.Build.0 = Debug|Win32
		{D58DA0F3-CEF0-3288-89AB-D45BDCBF5E52}.Release|Win32.ActiveCfg = Release|Win32
		{D58DA0F3-CEF0-3288-89AB-D45BDCBF5E52}.Release|Win32.Build.0 = Release|Win32
		{D58DA0F3-CEF0-3288-89AB-D45BDCBF5E52}.MinSizeRel|Win32.ActiveCfg = MinSizeRel|Win32
		{D58DA0F3-CEF0-3288-89AB-D45BDCBF5E52}.MinSizeRel|Win32.Build.0 = MinSizeRel|Win32
		{D58DA0F3-CEF0-3288-89AB-D45BDCBF5E52}.RelWithDebInfo|Win32.ActiveCfg = RelWithDebInfo|Win32
		{D58DA0F3-CEF0-3288-89AB-D45BDCBF5E52}.RelWithDebInfo|Win32.Build.0 = RelWithDebInfo|Win32
		{4F35C5DA-365F-3127-ACE6-DB6AD53312E3}.Debug|Win32.ActiveCfg = Debug|Win32
		{4F35C5DA-365F-3127-ACE6-DB6AD53312E3}.Release|Win32.ActiveCfg = Release|Win32
		{4F35C5DA-365F-3127-ACE6-DB6AD53312E3}.MinSizeRel|Win32.ActiveCfg = MinSizeRel|Win32
		{4F35C5DA-365F-3127-ACE6-DB6AD53312E3}.RelWithDebInfo|Win32.ActiveCfg = RelWithDebInfo|Win32
		{323F04F5-65F8-3899-9810-98E6416146DF}.Debug|Win32.ActiveCfg = Debug|Win32
		{323F04F5-65F8-3899-9810-98E6416146DF}.Debug|Win32.Build.0 = Debug|Win32
		{323F04F5-65F8-3899-9810-98E6416146DF}.Release|Win32.ActiveCfg = Release|Win32
		{323F04F5-65F8-3899-9810-98E6416146DF}.Release|Win32.Build.0 = Release|Win32
		{323F04F5-65F8-3899-9810-98E6416146DF}.MinSizeRel|Win32.ActiveCfg = MinSizeRel|Win32
		{323F04F5-65F8-3899-9810-98E6416146DF}.MinSizeRel|Win32.Build.0 = MinSizeRel|Win32
		{323F04F5-65F8-3899-9810-98E6416146DF}.RelWithDebInfo|Win32.ActiveCfg = RelWithDebInfo|Win32
		{323F04F5-65F8-3899-9810-98E6416146DF}.RelWithDebInfo|Win32.Build.0 = RelWithDebInfo|Win32
		{91C83935-8A5A-3DF6-963B-388521D32F24}.Debug|Win32.ActiveCfg = Debug|Win32
		{91C83935-8A5A-3DF6-963B-388521D32F24}.Debug|Win32.Build.0 = Debug|Win32
		{91C83935-8A5A-3DF6-963B-388521D32F24}.Release|Win32.ActiveCfg = Release|Win32
		{91C83935-8A5A-3DF6-963B-388521D32F24}.Release|Win32.Build.0 = Release|Win32
		{91C83935-8A5A-3DF6-963B-388521D32F24}.MinSizeRel|Win32.ActiveCfg = MinSizeRel|Win32
		{91C83935-8A5A-3DF6-963B-388521D32F24}.MinSizeRel|Win32.Build.0 = MinSizeRel|Win32
		{91C83935-8A5A-3DF6-963B-388521D32F24}.RelWithDebInfo|Win32.ActiveCfg = RelWithDebInfo|Win32
		{91C83935-8A5A-3DF6-963B-388521D32F24}.RelWithDebInfo|Win32.Build.0 = RelWithDebInfo|Win32
		{E31B6687-9A30-3C1B-A12E-10D5EAF3C256}.Debug|Win32.ActiveCfg = Debug|Win32
		{E31B6687-9A30-3C1B-A12E-10D5EAF3C256}.Debug|Win32.Build.0 = Debug|Win32
		{E31B6687-9A30-3C1B-A12E-10D5EAF3C256}.Release|Win32.ActiveCfg = Release|Win32
		{E31B6687-9A30-3C1B-A12E-10D5EAF3C256}.Release|Win32.Build.0 = Release|Win32
		{E31B6687-9A30-3C1B-A12E-10D5EAF3C256}.MinSizeRel|Win32.ActiveCfg = MinSizeRel|Win32
		{E31B6687-9A30-3C1B-A12E-10D5EAF3C256}.MinSizeRel|Win32.Build.0 = MinSizeRel|Win32
		{E31B6687-9A30-3C1B-A12E-10D5EAF3C256}.RelWithDebInfo|Win32.ActiveCfg = RelWithDebInfo|Win32
		{E31B6687-9A30-3C1B-A12E-10D5EAF3C256}.RelWithDebInfo|Win32.Build.0 = RelWithDebInfo|Win32
		{D0D9943A-33C3-3491-88A1-4CA2EF767FD3}.Debug|Win32.ActiveCfg = Debug|Win32
		{D0D9943A-33C3-3491-88A1-4CA2EF767FD3}.Debug|Win32.Build.0 = Debug|Win32
		{D0D9943A-33C3-3491-88A1-4CA2EF767FD3}.Release|Win32.ActiveCfg = Release|Win32
		{D0D9943A-33C3-3491-88A1-4CA2EF767FD3}.Release|Win32.Build.0 = Release|Win32
		{D0D9943A-33C3-3491-88A1-4CA2EF767FD3}.MinSizeRel|Win32.ActiveCfg = MinSizeRel|Win32
		{D0D9943A-33C3-3491-88A1-4CA2EF767FD3}.MinSizeRel|Win32.Build.0 = MinSizeRel|Win32
		{D0D9943A-33C3-3491-88A1-4CA2EF767FD3}.RelWithDebInfo|Win32.ActiveCfg = RelWithDebInfo|Win32
		{D0D9943A-33C3-3491-88A1-4CA2EF767FD3}.RelWithDebInfo|Win32.Build.0 = RelWithDebInfo|Win32
		{FE324EF2-B739-33BE-9D4A-4690F40BAB62}.Debug|Win32.ActiveCfg = Debug|Win32
		{FE324EF2-B739-33BE-9D4A-4690F40BAB62}.Debug|Win32.Build.0 = Debug|Win32
		{FE324EF2-B739-33BE-9D4A-4690F40BAB62}.Release|Win32.ActiveCfg = Release|Win32
		{FE324EF2-B739-33BE-9D4A-4690F40BAB62}.Release|Win32.Build.0 = Release|Win32
		{FE324EF2-B739-33BE-9D4A-4690F40BAB62}.MinSizeRel|Win32.ActiveCfg = MinSizeRel|Win32
		{FE324EF2-B739-33BE-9D4A-4690F40BAB62}.MinSizeRel|Win32.Build.0 = MinSizeRel|Win32
		{FE324EF2-B739-33BE-9D4A-4690F40BAB62}.RelWithDebInfo|Win32.ActiveCfg = RelWithDebInfo|Win32
		{FE324EF2-B739-33BE-9D4A-4690F40BAB62}.RelWithDebInfo|Win32.Build.0 = RelWithDebInfo|Win32
		{568BBAB0-6299-3CFF-9B1D-9E130ADB0303}.Debug|Win32.ActiveCfg = Debug|Win32
		{568BBAB0-6299-3CFF-9B1D-9E130ADB0303}.Debug|Win32.Build.0 = Debug|Win32
		{568BBAB0-6299-3CFF-9B1D-9E130ADB0303}.Release|Win32.ActiveCfg = Release|Win32
		{568BBAB0-6299-3CFF-9B1D-9E130ADB0303}.Release|Win32.Build.0 = Release|Win32
		{568BBAB0-6299-3CFF-9B1D-9E130ADB0303}.MinSizeRel|Win32.ActiveCfg = MinSizeRel|Win32
		{568BBAB0-6299-3CFF-9B1D-9E130ADB0303}.MinSizeRel|Win32.Build.0 = MinSizeRel|Win32
		{568BBAB0-6299-3CFF-9B1D-9E130ADB0303}.RelWithDebInfo|Win32.ActiveCfg = RelWithDebInfo|Win32
		{568BBAB0-6299-3CFF-9B1D-9E130ADB0303}.RelWithDebInfo|Win32.Build.0 = RelWithDebInfo|Win32
		{3962EC68-D49D-31E8-BD42-0882ECA02D76}.Debug|Win32.ActiveCfg = Debug|Win32
		{3962EC68-D49D-31E8-BD42-0882ECA02D76}.Debug|Win32.Build.0 = Debug|Win32
		{3962EC68-D49D-31E8-BD42-0882ECA02D76}.Release|Win32.ActiveCfg = Release|Win32
		{3962EC68-D49D-31E8-BD42-0882ECA02D76}.Release|Win32.Build.0 = Release|Win32
		{3962EC68-D49D-31E8-BD42-0882ECA02D76}.MinSizeRel|Win32.ActiveCfg = MinSizeRel|Win32
		{3962EC68-D49D-31E8-BD42-0882ECA02D76}.MinSizeRel|Win32.Build.0 = MinSizeRel|Win32
		{3962EC68-D49D-31E8-BD42-0882ECA02D76}.RelWithDebInfo|Win32.ActiveCfg = RelWithDebInfo|Win32
		{3962EC68-D49D-31E8-BD42-0882ECA02D76}.RelWithDebInfo|Win32.Build.0 = RelWithDebInfo|Win32
		{9C8B4B13-BAEF-3874-80C1-C54160AB7D19}.Debug|Win32.ActiveCfg = Debug|Win32
		{9C8B4B13-BAEF-3874-80C1-C54160AB7D19}.Debug|Win32.Build.0 = Debug|Win32
		{9C8B4B13-BAEF-3874-80C1-C54160AB7D19}.Release|Win32.ActiveCfg = Release|Win32
		{9C8B4B13-BAEF-3874-80C1-C54160AB7D19}.Release|Win32.Build.0 = Release|Win32
		{9C8B4B13-BAEF-3874-80C1-C54160AB7D19}.MinSizeRel|Win32.ActiveCfg = MinSizeRel|Win32
		{9C8B4B13-BAEF-3874-80C1-C54160AB7D19}.MinSizeRel|Win32.Build.0 = MinSizeRel|Win32
		{9C8B4B13-BAEF-3874-80C1-C54160AB7D19}.RelWithDebInfo|Win32.ActiveCfg = RelWithDebInfo|Win32
		{9C8B4B13-BAEF-3874-80C1-C54160AB7D19}.RelWithDebInfo|Win32.Build.0 = RelWithDebInfo|Win32
		{AE2D2E88-1B6C-3DCB-9622-56754D9F84A8}.Debug|Win32.ActiveCfg = Debug|Win32
		{AE2D2E88-1B6C-3DCB-9622-56754D9F84A8}.Debug|Win32.Build.0 = Debug|Win32
		{AE2D2E88-1B6C-3DCB-9622-56754D9F84A8}.Release|Win32.ActiveCfg = Release|Win32
		{AE2D2E88-1B6C-3DCB-9622-56754D9F84A8}.Release|Win32.Build.0 = Release|Win32
		{AE2D2E88-1B6C-3DCB-9622-56754D9F84A8}.MinSizeRel|Win32.ActiveCfg = MinSizeRel|Win32
		{AE2D2E88-1B6C-3DCB-9622-56754D9F84A8}.MinSizeRel|Win32.Build.0 = MinSizeRel|Win32
		{AE2D2E88-1B6C-3DCB-9622-56754D9F84A8}.RelWithDebInfo|Win32.ActiveCfg = RelWithDebInfo|Win32
		{AE2D2E88-1B6C-3DCB-9622-56754D9F84A8}.RelWithDebInfo|Win32.Build.0 = RelWithDebInfo|Win32
	EndGlobalSection
	GlobalSection(ExtensibilityGlobals) = postSolution
		SolutionGuid = {CDCAB71F-E5D8-3EE7-9BEF-7D3E68BB97B6}
	EndGlobalSection
	GlobalSection(ExtensibilityAddIns) = postSolution
	EndGlobalSection
EndGlobal
